
Microsoft Visual Studio Solution File, Format Version 12.00
# Visual Studio 15
VisualStudioVersion = 15.0.28307.1000
MinimumVisualStudioVersion = 10.0.40219.1
Project("{FAE04EC0-301F-11D3-BF4B-00C04F79EFBC}") = "Benner.LGPDRepository", "Benner.LGPDRepository\Benner.LGPDRepository.csproj", "{D4A8145D-0E27-4128-B418-50AC2061F28D}"
EndProject
Project("{FAE04EC0-301F-11D3-BF4B-00C04F79EFBC}") = "Benner.NoSQLRepository", "Benner.NoSQLRepository\Benner.NoSQLRepository.csproj", "{E7614B8A-49E0-432F-B396-ACFB582F7FB4}"
EndProject
Project("{FAE04EC0-301F-11D3-BF4B-00C04F79EFBC}") = "Benner.LGPDRepository.Unit.Test", "Benner.LGPDRepository.Unit.Test\Benner.LGPDRepository.Unit.Test.csproj", "{1F46EE04-AFE2-4C23-9FC4-683751901051}"
EndProject
Project("{2150E333-8FDC-42A3-9474-1A3956D46DE8}") = "samples", "samples", "{5F7C1472-6DA2-41CA-9255-E6768296D79C}"
EndProject
Project("{2150E333-8FDC-42A3-9474-1A3956D46DE8}") = "Solution Items", "Solution Items", "{56B9BB0C-C18B-48A1-A548-025FFD0881BA}"
	ProjectSection(SolutionItems) = preProject
		Readme.md = Readme.md
	EndProjectSection
EndProject
Project("{FAE04EC0-301F-11D3-BF4B-00C04F79EFBC}") = "Sample.LGPD.Usage", "Sample.LGPD.Usage\Sample.LGPD.Usage.csproj", "{08C95060-3473-47AA-BF4D-7B091239AE0C}"
EndProject
Global
	GlobalSection(SolutionConfigurationPlatforms) = preSolution
		Debug|Any CPU = Debug|Any CPU
		Release|Any CPU = Release|Any CPU
	EndGlobalSection
	GlobalSection(ProjectConfigurationPlatforms) = postSolution
		{D4A8145D-0E27-4128-B418-50AC2061F28D}.Debug|Any CPU.ActiveCfg = Debug|Any CPU
		{D4A8145D-0E27-4128-B418-50AC2061F28D}.Debug|Any CPU.Build.0 = Debug|Any CPU
		{D4A8145D-0E27-4128-B418-50AC2061F28D}.Release|Any CPU.ActiveCfg = Release|Any CPU
		{D4A8145D-0E27-4128-B418-50AC2061F28D}.Release|Any CPU.Build.0 = Release|Any CPU
		{E7614B8A-49E0-432F-B396-ACFB582F7FB4}.Debug|Any CPU.ActiveCfg = Debug|Any CPU
		{E7614B8A-49E0-432F-B396-ACFB582F7FB4}.Debug|Any CPU.Build.0 = Debug|Any CPU
		{E7614B8A-49E0-432F-B396-ACFB582F7FB4}.Release|Any CPU.ActiveCfg = Release|Any CPU
		{E7614B8A-49E0-432F-B396-ACFB582F7FB4}.Release|Any CPU.Build.0 = Release|Any CPU
		{1F46EE04-AFE2-4C23-9FC4-683751901051}.Debug|Any CPU.ActiveCfg = Debug|Any CPU
		{1F46EE04-AFE2-4C23-9FC4-683751901051}.Debug|Any CPU.Build.0 = Debug|Any CPU
		{1F46EE04-AFE2-4C23-9FC4-683751901051}.Release|Any CPU.ActiveCfg = Release|Any CPU
		{1F46EE04-AFE2-4C23-9FC4-683751901051}.Release|Any CPU.Build.0 = Release|Any CPU
		{08C95060-3473-47AA-BF4D-7B091239AE0C}.Debug|Any CPU.ActiveCfg = Debug|Any CPU
		{08C95060-3473-47AA-BF4D-7B091239AE0C}.Debug|Any CPU.Build.0 = Debug|Any CPU
		{08C95060-3473-47AA-BF4D-7B091239AE0C}.Release|Any CPU.ActiveCfg = Release|Any CPU
		{08C95060-3473-47AA-BF4D-7B091239AE0C}.Release|Any CPU.Build.0 = Release|Any CPU
	EndGlobalSection
	GlobalSection(SolutionProperties) = preSolution
		HideSolutionNode = FALSE
	EndGlobalSection
	GlobalSection(NestedProjects) = preSolution
		{08C95060-3473-47AA-BF4D-7B091239AE0C} = {5F7C1472-6DA2-41CA-9255-E6768296D79C}
	EndGlobalSection
	GlobalSection(ExtensibilityGlobals) = postSolution
		SolutionGuid = {108189DA-B21E-4A44-B74F-BEAB7CF62208}
	EndGlobalSection
EndGlobal
